
Microsoft Visual Studio Solution File, Format Version 11.00
# Visual Studio 2010
Project("{2150E333-8FDC-42A3-9474-1A3956D46DE8}") = "Example", "Example", "{1FE8F3CC-7020-4C7A-9711-D1146789B30A}"
EndProject
Project("{2150E333-8FDC-42A3-9474-1A3956D46DE8}") = "Shell", "Shell", "{240002E6-E986-4FBE-B783-C23EA23AF931}"
EndProject
Project("{2150E333-8FDC-42A3-9474-1A3956D46DE8}") = "Modules", "Modules", "{2668DB21-593E-4268-B0C1-F686A5ABD536}"
EndProject
Project("{2150E333-8FDC-42A3-9474-1A3956D46DE8}") = "Framework", "Framework", "{155319DC-A9D3-4533-8959-F71EC5915B0E}"
EndProject
Project("{2150E333-8FDC-42A3-9474-1A3956D46DE8}") = "ChildContainer", "ChildContainer", "{39515825-F3BB-4F9B-AF39-CE3CAC57DFCC}"
EndProject
Project("{2150E333-8FDC-42A3-9474-1A3956D46DE8}") = "Core", "Core", "{4044A93F-B09A-4056-9119-C338C93DC192}"
EndProject
Project("{2150E333-8FDC-42A3-9474-1A3956D46DE8}") = "DataMapping", "DataMapping", "{DD5ADE7B-660F-4697-A712-686419F93DD0}"
EndProject
Project("{2150E333-8FDC-42A3-9474-1A3956D46DE8}") = "Menu", "Menu", "{9E04C431-3C7A-4E13-BD1F-6825B31C4D0B}"
EndProject
Project("{2150E333-8FDC-42A3-9474-1A3956D46DE8}") = "MessageBox", "MessageBox", "{C6364BAC-123E-48DB-B20C-487655B330F3}"
EndProject
Project("{2150E333-8FDC-42A3-9474-1A3956D46DE8}") = "State", "State", "{DB335606-E96B-4FEA-941F-2A850E680BCD}"
EndProject
Project("{2150E333-8FDC-42A3-9474-1A3956D46DE8}") = "Window", "Window", "{E3E15D4D-5DD7-4BA6-92A1-84FAA2E654C6}"
EndProject
Project("{FAE04EC0-301F-11D3-BF4B-00C04F79EFBC}") = "Infrastructure.PrismMEFChildContainer", "Infrastructure\ChildContainer\Infrastructure.PrismMEFChildContainer\Infrastructure.PrismMEFChildContainer.csproj", "{DDE23640-8B40-43C3-90A8-A390A3302CB6}"
EndProject
Project("{FAE04EC0-301F-11D3-BF4B-00C04F79EFBC}") = "Infrastructure.Core", "Infrastructure\Core\Infrastructure.Core\Infrastructure.Core.csproj", "{D29C3825-B00A-45B3-A26D-22117CDB1AB9}"
EndProject
Project("{FAE04EC0-301F-11D3-BF4B-00C04F79EFBC}") = "Infrastructure.DataMapper", "Infrastructure\DataMapping\Infrastructure.DataMapper\Infrastructure.DataMapper.csproj", "{F3CF423D-AB5C-4B83-8E62-2A1221986C5F}"
EndProject
Project("{FAE04EC0-301F-11D3-BF4B-00C04F79EFBC}") = "Infrastructure.Menu", "Infrastructure\Menu\Infrastructure.Menu\Infrastructure.Menu.csproj", "{CAD2B07B-5D31-4CF9-9451-29E54F9433BB}"
EndProject
Project("{FAE04EC0-301F-11D3-BF4B-00C04F79EFBC}") = "Infrastructure.MessageBox.Contracts", "Infrastructure\MessageBox\Infrastructure.MessageBox.Contracts\Infrastructure.MessageBox.Contracts.csproj", "{870D1BC2-7593-4B31-A01F-15F7F4C62932}"
EndProject
Project("{FAE04EC0-301F-11D3-BF4B-00C04F79EFBC}") = "Infrastructure.MessageBox.Service", "Infrastructure\MessageBox\Infrastructure.MessageBox.Service\Infrastructure.MessageBox.Service.csproj", "{D3D5DC69-785D-459A-836A-47E8F305E0E2}"
EndProject
Project("{FAE04EC0-301F-11D3-BF4B-00C04F79EFBC}") = "Infrastructure.State.Service", "Infrastructure\State\Infrastructure.State.Service\Infrastructure.State.Service.csproj", "{0E5E75F6-6AC1-4DEE-9AED-B4B0E9B0FBC2}"
EndProject
Project("{FAE04EC0-301F-11D3-BF4B-00C04F79EFBC}") = "Infrastructure.State.Contracts", "Infrastructure\State\Infrastructure.State.Contracts\Infrastructure.State.Contracts.csproj", "{DE1DCF3F-C8EF-453D-B9B9-1D0AB2AC9002}"
EndProject
Project("{FAE04EC0-301F-11D3-BF4B-00C04F79EFBC}") = "Infrastructure.Window.Service", "Infrastructure\Window\Infrastructure.Window.Service\Infrastructure.Window.Service.csproj", "{62E2681A-F1C8-4DB1-B233-270E6E39F496}"
EndProject
Project("{FAE04EC0-301F-11D3-BF4B-00C04F79EFBC}") = "Infrastructure.Window.Contracts", "Infrastructure\Window\Infrastructure.Window.Contracts\Infrastructure.Window.Contracts.csproj", "{C60645A4-56EC-456F-9245-ABBA0A15FAB8}"
EndProject
Project("{FAE04EC0-301F-11D3-BF4B-00C04F79EFBC}") = "Application.Shell", "Example\Shell\Application.Shell\Application.Shell.csproj", "{1CA00913-8890-4FB9-AF2A-FCD87C4D69BC}"
EndProject
Project("{FAE04EC0-301F-11D3-BF4B-00C04F79EFBC}") = "Application.Shell.Contracts", "Example\Shell\Application.Contracts\Application.Shell.Contracts.csproj", "{4C9E31B8-D07D-426F-B16A-1E9A3618F54C}"
EndProject
Project("{FAE04EC0-301F-11D3-BF4B-00C04F79EFBC}") = "Application.Menu", "Example\Shell\Application.Menu\Application.Menu.csproj", "{F5713E90-818F-4F9C-AFDB-71254CFD6631}"
EndProject
Project("{2150E333-8FDC-42A3-9474-1A3956D46DE8}") = "Web", "Web", "{5729C2D8-7ACD-43A3-89DE-3F80680D804D}"
EndProject
Project("{FAE04EC0-301F-11D3-BF4B-00C04F79EFBC}") = "WebHosting", "Example\Web\WebHosting\WebHosting.csproj", "{5D37F879-D0EF-4349-8A5B-F2DC821DE1D2}"
EndProject
Project("{2150E333-8FDC-42A3-9474-1A3956D46DE8}") = "Policy", "Policy", "{DC948488-302F-41A3-892D-9258723B1922}"
EndProject
Project("{2150E333-8FDC-42A3-9474-1A3956D46DE8}") = "PolicyDetail", "PolicyDetail", "{9CD6870D-FAAF-4667-9FA7-7896C8E5590C}"
EndProject
Project("{2150E333-8FDC-42A3-9474-1A3956D46DE8}") = "Common", "Common", "{858D6075-9402-4D54-876E-C49685AAB378}"
EndProject
Project("{2150E333-8FDC-42A3-9474-1A3956D46DE8}") = "PolicySearch", "PolicySearch", "{1A11B563-4284-490E-A82A-C0BBB122799E}"
EndProject
Project("{2150E333-8FDC-42A3-9474-1A3956D46DE8}") = "PolicyWindowShell", "PolicyWindowShell", "{B258B5DE-519C-45DE-82E4-B3155E0A44B4}"
EndProject
Project("{FAE04EC0-301F-11D3-BF4B-00C04F79EFBC}") = "Policy.Contracts", "Example\Modules\Policy\Common\Policy.Contracts\Policy.Contracts.csproj", "{84C737A9-125F-48FE-8D70-5871309BC1AB}"
EndProject
Project("{FAE04EC0-301F-11D3-BF4B-00C04F79EFBC}") = "Policy.Validation.Core", "Example\Modules\Policy\Common\Policy.Validation.Core\Policy.Validation.Core.csproj", "{D53F4868-AA9E-4EAD-B35B-9E732D8F491E}"
EndProject
Project("{FAE04EC0-301F-11D3-BF4B-00C04F79EFBC}") = "Policy.Detail", "Example\Modules\Policy\PolicyDetail\Policy.Detail\Policy.Detail.csproj", "{C3A4EFDB-42AB-466D-BEA0-3D85FB72608D}"
EndProject
Project("{FAE04EC0-301F-11D3-BF4B-00C04F79EFBC}") = "Policy.Search", "Example\Modules\Policy\PolicySearch\Policy.Search\Policy.Search.csproj", "{B13D2AA7-D1AE-4E8B-B09A-2BA0C4349E91}"
EndProject
Project("{FAE04EC0-301F-11D3-BF4B-00C04F79EFBC}") = "Policy.Search.WebService.Contracts", "Example\Modules\Policy\PolicySearch\Policy.Search.WebService.Contracts\Policy.Search.WebService.Contracts.csproj", "{3B55DDD5-E9EB-4FFA-880C-B62F77956179}"
EndProject
Project("{FAE04EC0-301F-11D3-BF4B-00C04F79EFBC}") = "Policy.Search.WebService.Mock", "Example\Modules\Policy\PolicySearch\Policy.Search.WebService.Mock\Policy.Search.WebService.Mock.csproj", "{170640C3-DEF4-4E4E-B88B-D5C63297CF0D}"
EndProject
Project("{FAE04EC0-301F-11D3-BF4B-00C04F79EFBC}") = "Policy.Shell", "Example\Modules\Policy\PolicyWindowShell\Policy.Shell\Policy.Shell.csproj", "{11097F9C-9D9F-4DD6-AD13-4E8B5516F2F0}"
EndProject
Project("{FAE04EC0-301F-11D3-BF4B-00C04F79EFBC}") = "Policy.Shell.Contracts", "Example\Modules\Policy\PolicyWindowShell\Policy.Shell.Contracts\Policy.Shell.Contracts.csproj", "{9429FBD4-C0D8-48E6-B7B5-D92ED09307F6}"
EndProject
Project("{FAE04EC0-301F-11D3-BF4B-00C04F79EFBC}") = "Policy.Shell.Menu", "Example\Modules\Policy\PolicyWindowShell\Policy.Shell.Menu\Policy.Shell.Menu.csproj", "{775EF57D-9EDD-4D0B-B4C8-396DE9208B6B}"
EndProject
Project("{2150E333-8FDC-42A3-9474-1A3956D46DE8}") = "Controls", "Controls", "{1895C588-BFDB-4F47-AD49-6DC35163BB5C}"
EndProject
Project("{FAE04EC0-301F-11D3-BF4B-00C04F79EFBC}") = "Infrastructure.Controls", "Infrastructure\Infrastructure.Controls\Infrastructure.Controls.csproj", "{C462F1A8-1DF2-4C37-85BF-812FCE2205A3}"
EndProject
Project("{2150E333-8FDC-42A3-9474-1A3956D46DE8}") = "Claims", "Claims", "{A99B074C-89C7-497E-8787-F235B7018B17}"
EndProject
Project("{FAE04EC0-301F-11D3-BF4B-00C04F79EFBC}") = "ClaimsModule", "Example\Modules\Claims\ClaimsModule\ClaimsModule.csproj", "{58A0760F-0A3E-4E8A-A1CF-B7568A47B815}"
EndProject
Project("{FAE04EC0-301F-11D3-BF4B-00C04F79EFBC}") = "ClaimsModule.WebServiceContracts", "Example\Modules\Claims\ClaimsModule.WebServiceContracts\ClaimsModule.WebServiceContracts.csproj", "{F9A742E1-F7AC-40C2-9947-93CE751964A9}"
EndProject
Project("{FAE04EC0-301F-11D3-BF4B-00C04F79EFBC}") = "ClaimsModule.WebServiceMock", "Example\Modules\Claims\ClaimsModule.WebServiceMock\ClaimsModule.WebServiceMock.csproj", "{01BF9C03-79FD-48A6-987E-7BDEA01A4725}"
EndProject
Project("{2150E333-8FDC-42A3-9474-1A3956D46DE8}") = "About", "About", "{ADF66C32-4CCC-45EC-8C15-4EC9CAC2E6AF}"
EndProject
Project("{FAE04EC0-301F-11D3-BF4B-00C04F79EFBC}") = "AboutModule", "Example\Modules\About\AboutModule\AboutModule.csproj", "{DFFA8194-8215-43C1-A559-6A3C70CEB056}"
EndProject
Project("{2150E333-8FDC-42A3-9474-1A3956D46DE8}") = "Navigator", "Navigator", "{4322DDB4-B235-4F70-982A-A8BDF90DEBB7}"
EndProject
Project("{FAE04EC0-301F-11D3-BF4B-00C04F79EFBC}") = "Infrastructure.Navigator", "Infrastructure\Infrastructure.Navigator\Infrastructure.Navigator.csproj", "{D31955CA-5E38-4CE2-B8B5-DC32D5314041}"
EndProject
Project("{2150E333-8FDC-42A3-9474-1A3956D46DE8}") = "Wizard", "Wizard", "{BB557B95-D58D-440F-8469-11B87811F85E}"
EndProject
Project("{2150E333-8FDC-42A3-9474-1A3956D46DE8}") = "Wizard", "Wizard", "{D0A73169-5327-46DD-B60F-7F3A7923E406}"
EndProject
Project("{FAE04EC0-301F-11D3-BF4B-00C04F79EFBC}") = "Infrastructure.Wizard", "Infrastructure\Wizard\Infrastructure.Wizard\Infrastructure.Wizard.csproj", "{73353D61-0318-4D63-A482-1C7E733CD25A}"
EndProject
Project("{FAE04EC0-301F-11D3-BF4B-00C04F79EFBC}") = "QuotationEntry.Wizard", "Example\Modules\Wizard\QuotationEntry.Wizard\QuotationEntry.Wizard.csproj", "{CE068133-A0F4-41C7-95D6-4DD350836E92}"
EndProject
Project("{FAE04EC0-301F-11D3-BF4B-00C04F79EFBC}") = "QuotationEntry.Contracts", "Example\Modules\Wizard\QuotationEntry.StepContracts\QuotationEntry.Contracts.csproj", "{E6424760-DBEC-489E-BCA1-B72639CC46DC}"
EndProject
Project("{FAE04EC0-301F-11D3-BF4B-00C04F79EFBC}") = "QuotationEntry.Steps.Common", "Example\Modules\Wizard\QuotationEntry.Steps.Common\QuotationEntry.Steps.Common.csproj", "{0333BF67-99F9-4443-A951-6DEF29BFB531}"
EndProject
Project("{FAE04EC0-301F-11D3-BF4B-00C04F79EFBC}") = "QuotationEntry.PolicyDetail", "Example\Modules\Wizard\QuotationEntry.PolicyDetail\QuotationEntry.PolicyDetail.csproj", "{E70BEAC2-4522-4937-999A-8718A61F57DD}"
EndProject
Project("{FAE04EC0-301F-11D3-BF4B-00C04F79EFBC}") = "QuotationEntry.Navigator", "Example\Modules\Wizard\QuotationEntry.Navigator\QuotationEntry.Navigator.csproj", "{DBFA9B50-3535-4E39-9FDF-EE5E731D2653}"
EndProject
Project("{2150E333-8FDC-42A3-9474-1A3956D46DE8}") = "Steps", "Steps", "{2F08C6AB-5330-4F60-BDE5-ECBC904C33FE}"
EndProject
Project("{FAE04EC0-301F-11D3-BF4B-00C04F79EFBC}") = "QuotationEntry.RiskQuality", "Example\Modules\Wizard\QuotationEntry.RiskQuality\QuotationEntry.RiskQuality.csproj", "{9E678617-4475-482B-AE8C-8695E70813E0}"
EndProject
Project("{FAE04EC0-301F-11D3-BF4B-00C04F79EFBC}") = "QuotationEntry.PreInception", "Example\Modules\Wizard\QuotationEntry.PreInception\QuotationEntry.PreInception.csproj", "{89D1508F-668C-4907-951B-789E23F15FF1}"
EndProject
Project("{FAE04EC0-301F-11D3-BF4B-00C04F79EFBC}") = "QuotationEntry.LastStep", "Example\Modules\Wizard\QuotationEntry.LastStep\QuotationEntry.LastStep.csproj", "{46A14E53-0160-41D5-AE34-84266B76217B}"
EndProject
Project("{FAE04EC0-301F-11D3-BF4B-00C04F79EFBC}") = "Infrastructure.Wizard.Contracts", "Infrastructure\Wizard\Infrastructure.Wizard.Contracts\Infrastructure.Wizard.Contracts.csproj", "{F784E927-472C-472D-8117-42A12154BB45}"
EndProject
Project("{2150E333-8FDC-42A3-9474-1A3956D46DE8}") = "FlowController", "FlowController", "{3B2A1C92-2BE7-47A6-B4C0-2664483568D1}"
EndProject
Project("{FAE04EC0-301F-11D3-BF4B-00C04F79EFBC}") = "Policy.Search.Contracts", "Example\Modules\Policy\PolicySearch\PolicySearch.Contracts\Policy.Search.Contracts.csproj", "{07F189F8-23BE-4CEB-8333-D1A1909409C1}"
EndProject
Global
	GlobalSection(SolutionConfigurationPlatforms) = preSolution
		Debug|Any CPU = Debug|Any CPU
		Release|Any CPU = Release|Any CPU
	EndGlobalSection
	GlobalSection(ProjectConfigurationPlatforms) = postSolution
		{DDE23640-8B40-43C3-90A8-A390A3302CB6}.Debug|Any CPU.ActiveCfg = Debug|Any CPU
		{DDE23640-8B40-43C3-90A8-A390A3302CB6}.Debug|Any CPU.Build.0 = Debug|Any CPU
		{DDE23640-8B40-43C3-90A8-A390A3302CB6}.Release|Any CPU.ActiveCfg = Release|Any CPU
		{DDE23640-8B40-43C3-90A8-A390A3302CB6}.Release|Any CPU.Build.0 = Release|Any CPU
		{D29C3825-B00A-45B3-A26D-22117CDB1AB9}.Debug|Any CPU.ActiveCfg = Debug|Any CPU
		{D29C3825-B00A-45B3-A26D-22117CDB1AB9}.Debug|Any CPU.Build.0 = Debug|Any CPU
		{D29C3825-B00A-45B3-A26D-22117CDB1AB9}.Release|Any CPU.ActiveCfg = Release|Any CPU
		{D29C3825-B00A-45B3-A26D-22117CDB1AB9}.Release|Any CPU.Build.0 = Release|Any CPU
		{F3CF423D-AB5C-4B83-8E62-2A1221986C5F}.Debug|Any CPU.ActiveCfg = Debug|Any CPU
		{F3CF423D-AB5C-4B83-8E62-2A1221986C5F}.Debug|Any CPU.Build.0 = Debug|Any CPU
		{F3CF423D-AB5C-4B83-8E62-2A1221986C5F}.Release|Any CPU.ActiveCfg = Release|Any CPU
		{F3CF423D-AB5C-4B83-8E62-2A1221986C5F}.Release|Any CPU.Build.0 = Release|Any CPU
		{CAD2B07B-5D31-4CF9-9451-29E54F9433BB}.Debug|Any CPU.ActiveCfg = Debug|Any CPU
		{CAD2B07B-5D31-4CF9-9451-29E54F9433BB}.Debug|Any CPU.Build.0 = Debug|Any CPU
		{CAD2B07B-5D31-4CF9-9451-29E54F9433BB}.Release|Any CPU.ActiveCfg = Release|Any CPU
		{CAD2B07B-5D31-4CF9-9451-29E54F9433BB}.Release|Any CPU.Build.0 = Release|Any CPU
		{870D1BC2-7593-4B31-A01F-15F7F4C62932}.Debug|Any CPU.ActiveCfg = Debug|Any CPU
		{870D1BC2-7593-4B31-A01F-15F7F4C62932}.Debug|Any CPU.Build.0 = Debug|Any CPU
		{870D1BC2-7593-4B31-A01F-15F7F4C62932}.Release|Any CPU.ActiveCfg = Release|Any CPU
		{870D1BC2-7593-4B31-A01F-15F7F4C62932}.Release|Any CPU.Build.0 = Release|Any CPU
		{D3D5DC69-785D-459A-836A-47E8F305E0E2}.Debug|Any CPU.ActiveCfg = Debug|Any CPU
		{D3D5DC69-785D-459A-836A-47E8F305E0E2}.Debug|Any CPU.Build.0 = Debug|Any CPU
		{D3D5DC69-785D-459A-836A-47E8F305E0E2}.Release|Any CPU.ActiveCfg = Release|Any CPU
		{D3D5DC69-785D-459A-836A-47E8F305E0E2}.Release|Any CPU.Build.0 = Release|Any CPU
		{0E5E75F6-6AC1-4DEE-9AED-B4B0E9B0FBC2}.Debug|Any CPU.ActiveCfg = Debug|Any CPU
		{0E5E75F6-6AC1-4DEE-9AED-B4B0E9B0FBC2}.Debug|Any CPU.Build.0 = Debug|Any CPU
		{0E5E75F6-6AC1-4DEE-9AED-B4B0E9B0FBC2}.Release|Any CPU.ActiveCfg = Release|Any CPU
		{0E5E75F6-6AC1-4DEE-9AED-B4B0E9B0FBC2}.Release|Any CPU.Build.0 = Release|Any CPU
		{DE1DCF3F-C8EF-453D-B9B9-1D0AB2AC9002}.Debug|Any CPU.ActiveCfg = Debug|Any CPU
		{DE1DCF3F-C8EF-453D-B9B9-1D0AB2AC9002}.Debug|Any CPU.Build.0 = Debug|Any CPU
		{DE1DCF3F-C8EF-453D-B9B9-1D0AB2AC9002}.Release|Any CPU.ActiveCfg = Release|Any CPU
		{DE1DCF3F-C8EF-453D-B9B9-1D0AB2AC9002}.Release|Any CPU.Build.0 = Release|Any CPU
		{62E2681A-F1C8-4DB1-B233-270E6E39F496}.Debug|Any CPU.ActiveCfg = Debug|Any CPU
		{62E2681A-F1C8-4DB1-B233-270E6E39F496}.Debug|Any CPU.Build.0 = Debug|Any CPU
		{62E2681A-F1C8-4DB1-B233-270E6E39F496}.Release|Any CPU.ActiveCfg = Release|Any CPU
		{62E2681A-F1C8-4DB1-B233-270E6E39F496}.Release|Any CPU.Build.0 = Release|Any CPU
		{C60645A4-56EC-456F-9245-ABBA0A15FAB8}.Debug|Any CPU.ActiveCfg = Debug|Any CPU
		{C60645A4-56EC-456F-9245-ABBA0A15FAB8}.Debug|Any CPU.Build.0 = Debug|Any CPU
		{C60645A4-56EC-456F-9245-ABBA0A15FAB8}.Release|Any CPU.ActiveCfg = Release|Any CPU
		{C60645A4-56EC-456F-9245-ABBA0A15FAB8}.Release|Any CPU.Build.0 = Release|Any CPU
		{1CA00913-8890-4FB9-AF2A-FCD87C4D69BC}.Debug|Any CPU.ActiveCfg = Debug|Any CPU
		{1CA00913-8890-4FB9-AF2A-FCD87C4D69BC}.Debug|Any CPU.Build.0 = Debug|Any CPU
		{1CA00913-8890-4FB9-AF2A-FCD87C4D69BC}.Release|Any CPU.ActiveCfg = Release|Any CPU
		{1CA00913-8890-4FB9-AF2A-FCD87C4D69BC}.Release|Any CPU.Build.0 = Release|Any CPU
		{4C9E31B8-D07D-426F-B16A-1E9A3618F54C}.Debug|Any CPU.ActiveCfg = Debug|Any CPU
		{4C9E31B8-D07D-426F-B16A-1E9A3618F54C}.Debug|Any CPU.Build.0 = Debug|Any CPU
		{4C9E31B8-D07D-426F-B16A-1E9A3618F54C}.Release|Any CPU.ActiveCfg = Release|Any CPU
		{4C9E31B8-D07D-426F-B16A-1E9A3618F54C}.Release|Any CPU.Build.0 = Release|Any CPU
		{F5713E90-818F-4F9C-AFDB-71254CFD6631}.Debug|Any CPU.ActiveCfg = Debug|Any CPU
		{F5713E90-818F-4F9C-AFDB-71254CFD6631}.Debug|Any CPU.Build.0 = Debug|Any CPU
		{F5713E90-818F-4F9C-AFDB-71254CFD6631}.Release|Any CPU.ActiveCfg = Release|Any CPU
		{F5713E90-818F-4F9C-AFDB-71254CFD6631}.Release|Any CPU.Build.0 = Release|Any CPU
		{5D37F879-D0EF-4349-8A5B-F2DC821DE1D2}.Debug|Any CPU.ActiveCfg = Debug|Any CPU
		{5D37F879-D0EF-4349-8A5B-F2DC821DE1D2}.Debug|Any CPU.Build.0 = Debug|Any CPU
		{5D37F879-D0EF-4349-8A5B-F2DC821DE1D2}.Release|Any CPU.ActiveCfg = Release|Any CPU
		{5D37F879-D0EF-4349-8A5B-F2DC821DE1D2}.Release|Any CPU.Build.0 = Release|Any CPU
		{84C737A9-125F-48FE-8D70-5871309BC1AB}.Debug|Any CPU.ActiveCfg = Debug|Any CPU
		{84C737A9-125F-48FE-8D70-5871309BC1AB}.Debug|Any CPU.Build.0 = Debug|Any CPU
		{84C737A9-125F-48FE-8D70-5871309BC1AB}.Release|Any CPU.ActiveCfg = Release|Any CPU
		{84C737A9-125F-48FE-8D70-5871309BC1AB}.Release|Any CPU.Build.0 = Release|Any CPU
		{D53F4868-AA9E-4EAD-B35B-9E732D8F491E}.Debug|Any CPU.ActiveCfg = Debug|Any CPU
		{D53F4868-AA9E-4EAD-B35B-9E732D8F491E}.Debug|Any CPU.Build.0 = Debug|Any CPU
		{D53F4868-AA9E-4EAD-B35B-9E732D8F491E}.Release|Any CPU.ActiveCfg = Release|Any CPU
		{D53F4868-AA9E-4EAD-B35B-9E732D8F491E}.Release|Any CPU.Build.0 = Release|Any CPU
		{C3A4EFDB-42AB-466D-BEA0-3D85FB72608D}.Debug|Any CPU.ActiveCfg = Debug|Any CPU
		{C3A4EFDB-42AB-466D-BEA0-3D85FB72608D}.Debug|Any CPU.Build.0 = Debug|Any CPU
		{C3A4EFDB-42AB-466D-BEA0-3D85FB72608D}.Release|Any CPU.ActiveCfg = Release|Any CPU
		{C3A4EFDB-42AB-466D-BEA0-3D85FB72608D}.Release|Any CPU.Build.0 = Release|Any CPU
		{B13D2AA7-D1AE-4E8B-B09A-2BA0C4349E91}.Debug|Any CPU.ActiveCfg = Debug|Any CPU
		{B13D2AA7-D1AE-4E8B-B09A-2BA0C4349E91}.Debug|Any CPU.Build.0 = Debug|Any CPU
		{B13D2AA7-D1AE-4E8B-B09A-2BA0C4349E91}.Release|Any CPU.ActiveCfg = Release|Any CPU
		{B13D2AA7-D1AE-4E8B-B09A-2BA0C4349E91}.Release|Any CPU.Build.0 = Release|Any CPU
		{3B55DDD5-E9EB-4FFA-880C-B62F77956179}.Debug|Any CPU.ActiveCfg = Debug|Any CPU
		{3B55DDD5-E9EB-4FFA-880C-B62F77956179}.Debug|Any CPU.Build.0 = Debug|Any CPU
		{3B55DDD5-E9EB-4FFA-880C-B62F77956179}.Release|Any CPU.ActiveCfg = Release|Any CPU
		{3B55DDD5-E9EB-4FFA-880C-B62F77956179}.Release|Any CPU.Build.0 = Release|Any CPU
		{170640C3-DEF4-4E4E-B88B-D5C63297CF0D}.Debug|Any CPU.ActiveCfg = Debug|Any CPU
		{170640C3-DEF4-4E4E-B88B-D5C63297CF0D}.Debug|Any CPU.Build.0 = Debug|Any CPU
		{170640C3-DEF4-4E4E-B88B-D5C63297CF0D}.Release|Any CPU.ActiveCfg = Release|Any CPU
		{170640C3-DEF4-4E4E-B88B-D5C63297CF0D}.Release|Any CPU.Build.0 = Release|Any CPU
		{11097F9C-9D9F-4DD6-AD13-4E8B5516F2F0}.Debug|Any CPU.ActiveCfg = Debug|Any CPU
		{11097F9C-9D9F-4DD6-AD13-4E8B5516F2F0}.Debug|Any CPU.Build.0 = Debug|Any CPU
		{11097F9C-9D9F-4DD6-AD13-4E8B5516F2F0}.Release|Any CPU.ActiveCfg = Release|Any CPU
		{11097F9C-9D9F-4DD6-AD13-4E8B5516F2F0}.Release|Any CPU.Build.0 = Release|Any CPU
		{9429FBD4-C0D8-48E6-B7B5-D92ED09307F6}.Debug|Any CPU.ActiveCfg = Debug|Any CPU
		{9429FBD4-C0D8-48E6-B7B5-D92ED09307F6}.Debug|Any CPU.Build.0 = Debug|Any CPU
		{9429FBD4-C0D8-48E6-B7B5-D92ED09307F6}.Release|Any CPU.ActiveCfg = Release|Any CPU
		{9429FBD4-C0D8-48E6-B7B5-D92ED09307F6}.Release|Any CPU.Build.0 = Release|Any CPU
		{775EF57D-9EDD-4D0B-B4C8-396DE9208B6B}.Debug|Any CPU.ActiveCfg = Debug|Any CPU
		{775EF57D-9EDD-4D0B-B4C8-396DE9208B6B}.Debug|Any CPU.Build.0 = Debug|Any CPU
		{775EF57D-9EDD-4D0B-B4C8-396DE9208B6B}.Release|Any CPU.ActiveCfg = Release|Any CPU
		{775EF57D-9EDD-4D0B-B4C8-396DE9208B6B}.Release|Any CPU.Build.0 = Release|Any CPU
		{C462F1A8-1DF2-4C37-85BF-812FCE2205A3}.Debug|Any CPU.ActiveCfg = Debug|Any CPU
		{C462F1A8-1DF2-4C37-85BF-812FCE2205A3}.Debug|Any CPU.Build.0 = Debug|Any CPU
		{C462F1A8-1DF2-4C37-85BF-812FCE2205A3}.Release|Any CPU.ActiveCfg = Release|Any CPU
		{C462F1A8-1DF2-4C37-85BF-812FCE2205A3}.Release|Any CPU.Build.0 = Release|Any CPU
		{58A0760F-0A3E-4E8A-A1CF-B7568A47B815}.Debug|Any CPU.ActiveCfg = Debug|Any CPU
		{58A0760F-0A3E-4E8A-A1CF-B7568A47B815}.Debug|Any CPU.Build.0 = Debug|Any CPU
		{58A0760F-0A3E-4E8A-A1CF-B7568A47B815}.Release|Any CPU.ActiveCfg = Release|Any CPU
		{58A0760F-0A3E-4E8A-A1CF-B7568A47B815}.Release|Any CPU.Build.0 = Release|Any CPU
		{F9A742E1-F7AC-40C2-9947-93CE751964A9}.Debug|Any CPU.ActiveCfg = Debug|Any CPU
		{F9A742E1-F7AC-40C2-9947-93CE751964A9}.Debug|Any CPU.Build.0 = Debug|Any CPU
		{F9A742E1-F7AC-40C2-9947-93CE751964A9}.Release|Any CPU.ActiveCfg = Release|Any CPU
		{F9A742E1-F7AC-40C2-9947-93CE751964A9}.Release|Any CPU.Build.0 = Release|Any CPU
		{01BF9C03-79FD-48A6-987E-7BDEA01A4725}.Debug|Any CPU.ActiveCfg = Debug|Any CPU
		{01BF9C03-79FD-48A6-987E-7BDEA01A4725}.Debug|Any CPU.Build.0 = Debug|Any CPU
		{01BF9C03-79FD-48A6-987E-7BDEA01A4725}.Release|Any CPU.ActiveCfg = Release|Any CPU
		{01BF9C03-79FD-48A6-987E-7BDEA01A4725}.Release|Any CPU.Build.0 = Release|Any CPU
		{DFFA8194-8215-43C1-A559-6A3C70CEB056}.Debug|Any CPU.ActiveCfg = Debug|Any CPU
		{DFFA8194-8215-43C1-A559-6A3C70CEB056}.Debug|Any CPU.Build.0 = Debug|Any CPU
		{DFFA8194-8215-43C1-A559-6A3C70CEB056}.Release|Any CPU.ActiveCfg = Release|Any CPU
		{DFFA8194-8215-43C1-A559-6A3C70CEB056}.Release|Any CPU.Build.0 = Release|Any CPU
		{D31955CA-5E38-4CE2-B8B5-DC32D5314041}.Debug|Any CPU.ActiveCfg = Debug|Any CPU
		{D31955CA-5E38-4CE2-B8B5-DC32D5314041}.Debug|Any CPU.Build.0 = Debug|Any CPU
		{D31955CA-5E38-4CE2-B8B5-DC32D5314041}.Release|Any CPU.ActiveCfg = Release|Any CPU
		{D31955CA-5E38-4CE2-B8B5-DC32D5314041}.Release|Any CPU.Build.0 = Release|Any CPU
		{73353D61-0318-4D63-A482-1C7E733CD25A}.Debug|Any CPU.ActiveCfg = Debug|Any CPU
		{73353D61-0318-4D63-A482-1C7E733CD25A}.Debug|Any CPU.Build.0 = Debug|Any CPU
		{73353D61-0318-4D63-A482-1C7E733CD25A}.Release|Any CPU.ActiveCfg = Release|Any CPU
		{73353D61-0318-4D63-A482-1C7E733CD25A}.Release|Any CPU.Build.0 = Release|Any CPU
		{CE068133-A0F4-41C7-95D6-4DD350836E92}.Debug|Any CPU.ActiveCfg = Debug|Any CPU
		{CE068133-A0F4-41C7-95D6-4DD350836E92}.Debug|Any CPU.Build.0 = Debug|Any CPU
		{CE068133-A0F4-41C7-95D6-4DD350836E92}.Release|Any CPU.ActiveCfg = Release|Any CPU
		{CE068133-A0F4-41C7-95D6-4DD350836E92}.Release|Any CPU.Build.0 = Release|Any CPU
		{E6424760-DBEC-489E-BCA1-B72639CC46DC}.Debug|Any CPU.ActiveCfg = Debug|Any CPU
		{E6424760-DBEC-489E-BCA1-B72639CC46DC}.Debug|Any CPU.Build.0 = Debug|Any CPU
		{E6424760-DBEC-489E-BCA1-B72639CC46DC}.Release|Any CPU.ActiveCfg = Release|Any CPU
		{E6424760-DBEC-489E-BCA1-B72639CC46DC}.Release|Any CPU.Build.0 = Release|Any CPU
		{0333BF67-99F9-4443-A951-6DEF29BFB531}.Debug|Any CPU.ActiveCfg = Debug|Any CPU
		{0333BF67-99F9-4443-A951-6DEF29BFB531}.Debug|Any CPU.Build.0 = Debug|Any CPU
		{0333BF67-99F9-4443-A951-6DEF29BFB531}.Release|Any CPU.ActiveCfg = Release|Any CPU
		{0333BF67-99F9-4443-A951-6DEF29BFB531}.Release|Any CPU.Build.0 = Release|Any CPU
		{E70BEAC2-4522-4937-999A-8718A61F57DD}.Debug|Any CPU.ActiveCfg = Debug|Any CPU
		{E70BEAC2-4522-4937-999A-8718A61F57DD}.Debug|Any CPU.Build.0 = Debug|Any CPU
		{E70BEAC2-4522-4937-999A-8718A61F57DD}.Release|Any CPU.ActiveCfg = Release|Any CPU
		{E70BEAC2-4522-4937-999A-8718A61F57DD}.Release|Any CPU.Build.0 = Release|Any CPU
		{DBFA9B50-3535-4E39-9FDF-EE5E731D2653}.Debug|Any CPU.ActiveCfg = Debug|Any CPU
		{DBFA9B50-3535-4E39-9FDF-EE5E731D2653}.Debug|Any CPU.Build.0 = Debug|Any CPU
		{DBFA9B50-3535-4E39-9FDF-EE5E731D2653}.Release|Any CPU.ActiveCfg = Release|Any CPU
		{DBFA9B50-3535-4E39-9FDF-EE5E731D2653}.Release|Any CPU.Build.0 = Release|Any CPU
		{9E678617-4475-482B-AE8C-8695E70813E0}.Debug|Any CPU.ActiveCfg = Debug|Any CPU
		{9E678617-4475-482B-AE8C-8695E70813E0}.Debug|Any CPU.Build.0 = Debug|Any CPU
		{9E678617-4475-482B-AE8C-8695E70813E0}.Release|Any CPU.ActiveCfg = Release|Any CPU
		{9E678617-4475-482B-AE8C-8695E70813E0}.Release|Any CPU.Build.0 = Release|Any CPU
		{89D1508F-668C-4907-951B-789E23F15FF1}.Debug|Any CPU.ActiveCfg = Debug|Any CPU
		{89D1508F-668C-4907-951B-789E23F15FF1}.Debug|Any CPU.Build.0 = Debug|Any CPU
		{89D1508F-668C-4907-951B-789E23F15FF1}.Release|Any CPU.ActiveCfg = Release|Any CPU
		{89D1508F-668C-4907-951B-789E23F15FF1}.Release|Any CPU.Build.0 = Release|Any CPU
		{46A14E53-0160-41D5-AE34-84266B76217B}.Debug|Any CPU.ActiveCfg = Debug|Any CPU
		{46A14E53-0160-41D5-AE34-84266B76217B}.Debug|Any CPU.Build.0 = Debug|Any CPU
		{46A14E53-0160-41D5-AE34-84266B76217B}.Release|Any CPU.ActiveCfg = Release|Any CPU
		{46A14E53-0160-41D5-AE34-84266B76217B}.Release|Any CPU.Build.0 = Release|Any CPU
		{F784E927-472C-472D-8117-42A12154BB45}.Debug|Any CPU.ActiveCfg = Debug|Any CPU
		{F784E927-472C-472D-8117-42A12154BB45}.Debug|Any CPU.Build.0 = Debug|Any CPU
		{F784E927-472C-472D-8117-42A12154BB45}.Release|Any CPU.ActiveCfg = Release|Any CPU
		{F784E927-472C-472D-8117-42A12154BB45}.Release|Any CPU.Build.0 = Release|Any CPU
		{07F189F8-23BE-4CEB-8333-D1A1909409C1}.Debug|Any CPU.ActiveCfg = Debug|Any CPU
		{07F189F8-23BE-4CEB-8333-D1A1909409C1}.Debug|Any CPU.Build.0 = Debug|Any CPU
		{07F189F8-23BE-4CEB-8333-D1A1909409C1}.Release|Any CPU.ActiveCfg = Release|Any CPU
		{07F189F8-23BE-4CEB-8333-D1A1909409C1}.Release|Any CPU.Build.0 = Release|Any CPU
	EndGlobalSection
	GlobalSection(SolutionProperties) = preSolution
		HideSolutionNode = FALSE
	EndGlobalSection
	GlobalSection(NestedProjects) = preSolution
		{240002E6-E986-4FBE-B783-C23EA23AF931} = {1FE8F3CC-7020-4C7A-9711-D1146789B30A}
		{2668DB21-593E-4268-B0C1-F686A5ABD536} = {1FE8F3CC-7020-4C7A-9711-D1146789B30A}
		{5729C2D8-7ACD-43A3-89DE-3F80680D804D} = {1FE8F3CC-7020-4C7A-9711-D1146789B30A}
		{1CA00913-8890-4FB9-AF2A-FCD87C4D69BC} = {240002E6-E986-4FBE-B783-C23EA23AF931}
		{4C9E31B8-D07D-426F-B16A-1E9A3618F54C} = {240002E6-E986-4FBE-B783-C23EA23AF931}
		{F5713E90-818F-4F9C-AFDB-71254CFD6631} = {240002E6-E986-4FBE-B783-C23EA23AF931}
		{DC948488-302F-41A3-892D-9258723B1922} = {2668DB21-593E-4268-B0C1-F686A5ABD536}
		{A99B074C-89C7-497E-8787-F235B7018B17} = {2668DB21-593E-4268-B0C1-F686A5ABD536}
		{ADF66C32-4CCC-45EC-8C15-4EC9CAC2E6AF} = {2668DB21-593E-4268-B0C1-F686A5ABD536}
		{BB557B95-D58D-440F-8469-11B87811F85E} = {2668DB21-593E-4268-B0C1-F686A5ABD536}
		{39515825-F3BB-4F9B-AF39-CE3CAC57DFCC} = {155319DC-A9D3-4533-8959-F71EC5915B0E}
		{4044A93F-B09A-4056-9119-C338C93DC192} = {155319DC-A9D3-4533-8959-F71EC5915B0E}
		{DD5ADE7B-660F-4697-A712-686419F93DD0} = {155319DC-A9D3-4533-8959-F71EC5915B0E}
		{9E04C431-3C7A-4E13-BD1F-6825B31C4D0B} = {155319DC-A9D3-4533-8959-F71EC5915B0E}
		{C6364BAC-123E-48DB-B20C-487655B330F3} = {155319DC-A9D3-4533-8959-F71EC5915B0E}
		{DB335606-E96B-4FEA-941F-2A850E680BCD} = {155319DC-A9D3-4533-8959-F71EC5915B0E}
		{E3E15D4D-5DD7-4BA6-92A1-84FAA2E654C6} = {155319DC-A9D3-4533-8959-F71EC5915B0E}
		{1895C588-BFDB-4F47-AD49-6DC35163BB5C} = {155319DC-A9D3-4533-8959-F71EC5915B0E}
		{4322DDB4-B235-4F70-982A-A8BDF90DEBB7} = {155319DC-A9D3-4533-8959-F71EC5915B0E}
		{D0A73169-5327-46DD-B60F-7F3A7923E406} = {155319DC-A9D3-4533-8959-F71EC5915B0E}
		{3B2A1C92-2BE7-47A6-B4C0-2664483568D1} = {155319DC-A9D3-4533-8959-F71EC5915B0E}
		{DDE23640-8B40-43C3-90A8-A390A3302CB6} = {39515825-F3BB-4F9B-AF39-CE3CAC57DFCC}
		{D29C3825-B00A-45B3-A26D-22117CDB1AB9} = {4044A93F-B09A-4056-9119-C338C93DC192}
		{F3CF423D-AB5C-4B83-8E62-2A1221986C5F} = {DD5ADE7B-660F-4697-A712-686419F93DD0}
		{CAD2B07B-5D31-4CF9-9451-29E54F9433BB} = {9E04C431-3C7A-4E13-BD1F-6825B31C4D0B}
		{870D1BC2-7593-4B31-A01F-15F7F4C62932} = {C6364BAC-123E-48DB-B20C-487655B330F3}
		{D3D5DC69-785D-459A-836A-47E8F305E0E2} = {C6364BAC-123E-48DB-B20C-487655B330F3}
		{0E5E75F6-6AC1-4DEE-9AED-B4B0E9B0FBC2} = {DB335606-E96B-4FEA-941F-2A850E680BCD}
		{DE1DCF3F-C8EF-453D-B9B9-1D0AB2AC9002} = {DB335606-E96B-4FEA-941F-2A850E680BCD}
		{62E2681A-F1C8-4DB1-B233-270E6E39F496} = {E3E15D4D-5DD7-4BA6-92A1-84FAA2E654C6}
		{C60645A4-56EC-456F-9245-ABBA0A15FAB8} = {E3E15D4D-5DD7-4BA6-92A1-84FAA2E654C6}
		{5D37F879-D0EF-4349-8A5B-F2DC821DE1D2} = {5729C2D8-7ACD-43A3-89DE-3F80680D804D}
		{9CD6870D-FAAF-4667-9FA7-7896C8E5590C} = {DC948488-302F-41A3-892D-9258723B1922}
		{858D6075-9402-4D54-876E-C49685AAB378} = {DC948488-302F-41A3-892D-9258723B1922}
		{1A11B563-4284-490E-A82A-C0BBB122799E} = {DC948488-302F-41A3-892D-9258723B1922}
		{B258B5DE-519C-45DE-82E4-B3155E0A44B4} = {DC948488-302F-41A3-892D-9258723B1922}
		{C3A4EFDB-42AB-466D-BEA0-3D85FB72608D} = {9CD6870D-FAAF-4667-9FA7-7896C8E5590C}
		{84C737A9-125F-48FE-8D70-5871309BC1AB} = {858D6075-9402-4D54-876E-C49685AAB378}
		{D53F4868-AA9E-4EAD-B35B-9E732D8F491E} = {858D6075-9402-4D54-876E-C49685AAB378}
		{B13D2AA7-D1AE-4E8B-B09A-2BA0C4349E91} = {1A11B563-4284-490E-A82A-C0BBB122799E}
		{3B55DDD5-E9EB-4FFA-880C-B62F77956179} = {1A11B563-4284-490E-A82A-C0BBB122799E}
		{170640C3-DEF4-4E4E-B88B-D5C63297CF0D} = {1A11B563-4284-490E-A82A-C0BBB122799E}
		{07F189F8-23BE-4CEB-8333-D1A1909409C1} = {1A11B563-4284-490E-A82A-C0BBB122799E}
		{11097F9C-9D9F-4DD6-AD13-4E8B5516F2F0} = {B258B5DE-519C-45DE-82E4-B3155E0A44B4}
		{9429FBD4-C0D8-48E6-B7B5-D92ED09307F6} = {B258B5DE-519C-45DE-82E4-B3155E0A44B4}
		{775EF57D-9EDD-4D0B-B4C8-396DE9208B6B} = {B258B5DE-519C-45DE-82E4-B3155E0A44B4}
		{C462F1A8-1DF2-4C37-85BF-812FCE2205A3} = {1895C588-BFDB-4F47-AD49-6DC35163BB5C}
		{58A0760F-0A3E-4E8A-A1CF-B7568A47B815} = {A99B074C-89C7-497E-8787-F235B7018B17}
		{F9A742E1-F7AC-40C2-9947-93CE751964A9} = {A99B074C-89C7-497E-8787-F235B7018B17}
		{01BF9C03-79FD-48A6-987E-7BDEA01A4725} = {A99B074C-89C7-497E-8787-F235B7018B17}
		{DFFA8194-8215-43C1-A559-6A3C70CEB056} = {ADF66C32-4CCC-45EC-8C15-4EC9CAC2E6AF}
		{D31955CA-5E38-4CE2-B8B5-DC32D5314041} = {4322DDB4-B235-4F70-982A-A8BDF90DEBB7}
		{CE068133-A0F4-41C7-95D6-4DD350836E92} = {BB557B95-D58D-440F-8469-11B87811F85E}
		{E6424760-DBEC-489E-BCA1-B72639CC46DC} = {BB557B95-D58D-440F-8469-11B87811F85E}
		{2F08C6AB-5330-4F60-BDE5-ECBC904C33FE} = {BB557B95-D58D-440F-8469-11B87811F85E}
		{DBFA9B50-3535-4E39-9FDF-EE5E731D2653} = {BB557B95-D58D-440F-8469-11B87811F85E}
		{73353D61-0318-4D63-A482-1C7E733CD25A} = {D0A73169-5327-46DD-B60F-7F3A7923E406}
		{F784E927-472C-472D-8117-42A12154BB45} = {D0A73169-5327-46DD-B60F-7F3A7923E406}
		{E70BEAC2-4522-4937-999A-8718A61F57DD} = {2F08C6AB-5330-4F60-BDE5-ECBC904C33FE}
		{0333BF67-99F9-4443-A951-6DEF29BFB531} = {2F08C6AB-5330-4F60-BDE5-ECBC904C33FE}
		{9E678617-4475-482B-AE8C-8695E70813E0} = {2F08C6AB-5330-4F60-BDE5-ECBC904C33FE}
		{89D1508F-668C-4907-951B-789E23F15FF1} = {2F08C6AB-5330-4F60-BDE5-ECBC904C33FE}
		{46A14E53-0160-41D5-AE34-84266B76217B} = {2F08C6AB-5330-4F60-BDE5-ECBC904C33FE}
	EndGlobalSection
EndGlobal
